{
  "name": "trektor",
  "lockfileVersion": 3,
  "requires": true,
  "packages": {
    "": {
      "name": "trektor",
      "hasInstallScript": true,
      "license": "MIT",
      "dependencies": {
        "webextension-polyfill": "^0.8.0"
      }
    },
    "node_modules/webextension-polyfill": {
      "version": "0.8.0",
      "license": "MPL-2.0"
    }
  }
}
